
Microsoft Visual Studio Solution File, Format Version 12.00
# Visual Studio 14
VisualStudioVersion = 14.0.25420.1
MinimumVisualStudioVersion = 10.0.40219.1
Project("{FAE04EC0-301F-11D3-BF4B-00C04F79EFBC}") = "DataFlow.Web", "DataFlow.Web\DataFlow.Web.csproj", "{43A3C714-FDFE-4F61-889C-7DBA8607A9D0}"
EndProject
Project("{FAE04EC0-301F-11D3-BF4B-00C04F79EFBC}") = "DataFlow.Web.Tests", "DataFlow.Web.Tests\DataFlow.Web.Tests.csproj", "{D3741C62-78AC-4B4C-A11C-BF56C9564667}"
EndProject
Project("{FAE04EC0-301F-11D3-BF4B-00C04F79EFBC}") = "DataFlow.Common", "DataFlow.Common\DataFlow.Common.csproj", "{17FC1AF4-3EFE-4851-82AF-7C5D48EEF17B}"
EndProject
Project("{FAE04EC0-301F-11D3-BF4B-00C04F79EFBC}") = "DataFlow.Models", "DataFlow.Models\DataFlow.Models.csproj", "{54C8616A-ECCD-4AD5-A88B-A2266350BF0D}"
EndProject
Project("{FAE04EC0-301F-11D3-BF4B-00C04F79EFBC}") = "DataFlow.Server.FileTransport", "DataFlow.Server.FileTransport\DataFlow.Server.FileTransport.csproj", "{0115FCCE-7DBB-46B3-A6DF-71FE93101604}"
EndProject
Project("{FAE04EC0-301F-11D3-BF4B-00C04F79EFBC}") = "DataFlow.EdFi", "DataFlow.EdFi\DataFlow.EdFi.csproj", "{22F2E398-25B6-46D6-9F58-D226D2A685B5}"
EndProject
Project("{FAE04EC0-301F-11D3-BF4B-00C04F79EFBC}") = "DataFlow.Server.TransformLoad", "DataFlow.Server.TransformLoad\DataFlow.Server.TransformLoad.csproj", "{D0365EDB-AEC3-49DA-89AD-6FCFFE586DCC}"
EndProject
Project("{FAE04EC0-301F-11D3-BF4B-00C04F79EFBC}") = "DataFlow.Server.TransformLoad.Tests", "DataFlow.Server.TransformLoad.Tests\DataFlow.Server.TransformLoad.Tests.csproj", "{863850E2-B8B6-4605-9E36-987CBC3F8FD7}"
EndProject
Project("{FAE04EC0-301F-11D3-BF4B-00C04F79EFBC}") = "DataFlow.Server.FileTransport.Tests", "DataFlow.Server.FileTransport.Tests\DataFlow.Server.FileTransport.Tests.csproj", "{4AF848E3-A7F5-4F7A-8C82-370F9A2E2D2D}"
EndProject
Global
	GlobalSection(SolutionConfigurationPlatforms) = preSolution
		Debug|Any CPU = Debug|Any CPU
		Release|Any CPU = Release|Any CPU
	EndGlobalSection
	GlobalSection(ProjectConfigurationPlatforms) = postSolution
		{43A3C714-FDFE-4F61-889C-7DBA8607A9D0}.Debug|Any CPU.ActiveCfg = Debug|Any CPU
		{43A3C714-FDFE-4F61-889C-7DBA8607A9D0}.Debug|Any CPU.Build.0 = Debug|Any CPU
		{43A3C714-FDFE-4F61-889C-7DBA8607A9D0}.Release|Any CPU.ActiveCfg = Release|Any CPU
		{43A3C714-FDFE-4F61-889C-7DBA8607A9D0}.Release|Any CPU.Build.0 = Release|Any CPU
		{D3741C62-78AC-4B4C-A11C-BF56C9564667}.Debug|Any CPU.ActiveCfg = Debug|Any CPU
		{D3741C62-78AC-4B4C-A11C-BF56C9564667}.Debug|Any CPU.Build.0 = Debug|Any CPU
		{D3741C62-78AC-4B4C-A11C-BF56C9564667}.Release|Any CPU.ActiveCfg = Release|Any CPU
		{D3741C62-78AC-4B4C-A11C-BF56C9564667}.Release|Any CPU.Build.0 = Release|Any CPU
		{17FC1AF4-3EFE-4851-82AF-7C5D48EEF17B}.Debug|Any CPU.ActiveCfg = Debug|Any CPU
		{17FC1AF4-3EFE-4851-82AF-7C5D48EEF17B}.Debug|Any CPU.Build.0 = Debug|Any CPU
		{17FC1AF4-3EFE-4851-82AF-7C5D48EEF17B}.Release|Any CPU.ActiveCfg = Release|Any CPU
		{17FC1AF4-3EFE-4851-82AF-7C5D48EEF17B}.Release|Any CPU.Build.0 = Release|Any CPU
		{54C8616A-ECCD-4AD5-A88B-A2266350BF0D}.Debug|Any CPU.ActiveCfg = Debug|Any CPU
		{54C8616A-ECCD-4AD5-A88B-A2266350BF0D}.Debug|Any CPU.Build.0 = Debug|Any CPU
		{54C8616A-ECCD-4AD5-A88B-A2266350BF0D}.Release|Any CPU.ActiveCfg = Release|Any CPU
		{54C8616A-ECCD-4AD5-A88B-A2266350BF0D}.Release|Any CPU.Build.0 = Release|Any CPU
		{0115FCCE-7DBB-46B3-A6DF-71FE93101604}.Debug|Any CPU.ActiveCfg = Debug|Any CPU
		{0115FCCE-7DBB-46B3-A6DF-71FE93101604}.Debug|Any CPU.Build.0 = Debug|Any CPU
		{0115FCCE-7DBB-46B3-A6DF-71FE93101604}.Release|Any CPU.ActiveCfg = Release|Any CPU
		{0115FCCE-7DBB-46B3-A6DF-71FE93101604}.Release|Any CPU.Build.0 = Release|Any CPU
		{22F2E398-25B6-46D6-9F58-D226D2A685B5}.Debug|Any CPU.ActiveCfg = Debug|Any CPU
		{22F2E398-25B6-46D6-9F58-D226D2A685B5}.Debug|Any CPU.Build.0 = Debug|Any CPU
		{22F2E398-25B6-46D6-9F58-D226D2A685B5}.Release|Any CPU.ActiveCfg = Release|Any CPU
		{22F2E398-25B6-46D6-9F58-D226D2A685B5}.Release|Any CPU.Build.0 = Release|Any CPU
		{D0365EDB-AEC3-49DA-89AD-6FCFFE586DCC}.Debug|Any CPU.ActiveCfg = Debug|Any CPU
		{D0365EDB-AEC3-49DA-89AD-6FCFFE586DCC}.Debug|Any CPU.Build.0 = Debug|Any CPU
		{D0365EDB-AEC3-49DA-89AD-6FCFFE586DCC}.Release|Any CPU.ActiveCfg = Release|Any CPU
		{D0365EDB-AEC3-49DA-89AD-6FCFFE586DCC}.Release|Any CPU.Build.0 = Release|Any CPU
		{863850E2-B8B6-4605-9E36-987CBC3F8FD7}.Debug|Any CPU.ActiveCfg = Debug|Any CPU
		{863850E2-B8B6-4605-9E36-987CBC3F8FD7}.Debug|Any CPU.Build.0 = Debug|Any CPU
		{863850E2-B8B6-4605-9E36-987CBC3F8FD7}.Release|Any CPU.ActiveCfg = Release|Any CPU
		{863850E2-B8B6-4605-9E36-987CBC3F8FD7}.Release|Any CPU.Build.0 = Release|Any CPU
		{4AF848E3-A7F5-4F7A-8C82-370F9A2E2D2D}.Debug|Any CPU.ActiveCfg = Debug|Any CPU
		{4AF848E3-A7F5-4F7A-8C82-370F9A2E2D2D}.Debug|Any CPU.Build.0 = Debug|Any CPU
		{4AF848E3-A7F5-4F7A-8C82-370F9A2E2D2D}.Release|Any CPU.ActiveCfg = Release|Any CPU
		{4AF848E3-A7F5-4F7A-8C82-370F9A2E2D2D}.Release|Any CPU.Build.0 = Release|Any CPU
	EndGlobalSection
	GlobalSection(SolutionProperties) = preSolution
		HideSolutionNode = FALSE
	EndGlobalSection
	GlobalSection(ExtensibilityGlobals) = postSolution
		SolutionGuid = {C8E4565E-D789-425C-80A7-C7A7F42A37CF}
	EndGlobalSection
EndGlobal
